// !$*UTF8*$!
{
	archiveVersion = 1;
	classes = {
	};
	objectVersion = 56;
	objects = {

/* Begin PBXBuildFile section */
		8D07CA002C3D0B2500F5C81D /* Background.swift in Sources */ = {isa = PBXBuildFile; fileRef = 8D07C9FF2C3D0B2500F5C81D /* Background.swift */; };
		8D07CA062C3D550D00F5C81D /* Constants.swift in Sources */ = {isa = PBXBuildFile; fileRef = 8D07CA052C3D550D00F5C81D /* Constants.swift */; };
		8D07CA0E2C420ACB00F5C81D /* HeadingStyle.swift in Sources */ = {isa = PBXBuildFile; fileRef = 8D07CA0D2C420ACB00F5C81D /* HeadingStyle.swift */; };
		8D07CA102C420EBE00F5C81D /* ButtonTitle.swift in Sources */ = {isa = PBXBuildFile; fileRef = 8D07CA0F2C420EBE00F5C81D /* ButtonTitle.swift */; };
		8D07CA122C42113400F5C81D /* DashBoard.swift in Sources */ = {isa = PBXBuildFile; fileRef = 8D07CA112C42113400F5C81D /* DashBoard.swift */; };
		8DB35BE12C3660BA006B399B /* BookingUIApp.swift in Sources */ = {isa = PBXBuildFile; fileRef = 8DB35BE02C3660BA006B399B /* BookingUIApp.swift */; };
		8DB35BE32C3660BA006B399B /* Login.swift in Sources */ = {isa = PBXBuildFile; fileRef = 8DB35BE22C3660BA006B399B /* Login.swift */; };
		8DB35BE52C3660BB006B399B /* Assets.xcassets in Resources */ = {isa = PBXBuildFile; fileRef = 8DB35BE42C3660BB006B399B /* Assets.xcassets */; };
		8DB35BE82C3660BB006B399B /* Preview Assets.xcassets in Resources */ = {isa = PBXBuildFile; fileRef = 8DB35BE72C3660BB006B399B /* Preview Assets.xcassets */; };
		8DB35BEF2C366378006B399B /* SplashScreen.swift in Sources */ = {isa = PBXBuildFile; fileRef = 8DB35BEE2C366378006B399B /* SplashScreen.swift */; };
/* End PBXBuildFile section */

/* Begin PBXFileReference section */
		8D07C9FF2C3D0B2500F5C81D /* Background.swift */ = {isa = PBXFileReference; lastKnownFileType = sourcecode.swift; path = Background.swift; sourceTree = "<group>"; };
		8D07CA052C3D550D00F5C81D /* Constants.swift */ = {isa = PBXFileReference; lastKnownFileType = sourcecode.swift; path = Constants.swift; sourceTree = "<group>"; };
		8D07CA0D2C420ACB00F5C81D /* HeadingStyle.swift */ = {isa = PBXFileReference; lastKnownFileType = sourcecode.swift; path = HeadingStyle.swift; sourceTree = "<group>"; };
		8D07CA0F2C420EBE00F5C81D /* ButtonTitle.swift */ = {isa = PBXFileReference; lastKnownFileType = sourcecode.swift; path = ButtonTitle.swift; sourceTree = "<group>"; };
		8D07CA112C42113400F5C81D /* DashBoard.swift */ = {isa = PBXFileReference; lastKnownFileType = sourcecode.swift; path = DashBoard.swift; sourceTree = "<group>"; };
		8DB35BDD2C3660BA006B399B /* BookingUI.app */ = {isa = PBXFileReference; explicitFileType = wrapper.application; includeInIndex = 0; path = BookingUI.app; sourceTree = BUILT_PRODUCTS_DIR; };
		8DB35BE02C3660BA006B399B /* BookingUIApp.swift */ = {isa = PBXFileReference; lastKnownFileType = sourcecode.swift; path = BookingUIApp.swift; sourceTree = "<group>"; };
		8DB35BE22C3660BA006B399B /* Login.swift */ = {isa = PBXFileReference; lastKnownFileType = sourcecode.swift; path = Login.swift; sourceTree = "<group>"; };
		8DB35BE42C3660BB006B399B /* Assets.xcassets */ = {isa = PBXFileReference; lastKnownFileType = folder.assetcatalog; path = Assets.xcassets; sourceTree = "<group>"; };
		8DB35BE72C3660BB006B399B /* Preview Assets.xcassets */ = {isa = PBXFileReference; lastKnownFileType = folder.assetcatalog; path = "Preview Assets.xcassets"; sourceTree = "<group>"; };
		8DB35BEE2C366378006B399B /* SplashScreen.swift */ = {isa = PBXFileReference; lastKnownFileType = sourcecode.swift; path = SplashScreen.swift; sourceTree = "<group>"; };
/* End PBXFileReference section */

/* Begin PBXFrameworksBuildPhase section */
		8DB35BDA2C3660BA006B399B /* Frameworks */ = {
			isa = PBXFrameworksBuildPhase;
			buildActionMask = 2147483647;
			files = (
			);
			runOnlyForDeploymentPostprocessing = 0;
		};
/* End PBXFrameworksBuildPhase section */

/* Begin PBXGroup section */
		8D07C9FE2C3D0B0D00F5C81D /* Utilities */ = {
			isa = PBXGroup;
			children = (
				8D07C9FF2C3D0B2500F5C81D /* Background.swift */,
			);
			path = Utilities;
			sourceTree = "<group>";
		};
		8D07CA012C3D0D0300F5C81D /* DashboardCells */ = {
			isa = PBXGroup;
			children = (
			);
			path = DashboardCells;
			sourceTree = "<group>";
		};
		8D07CA022C3D54C600F5C81D /* Constants */ = {
			isa = PBXGroup;
			children = (
				8D07CA052C3D550D00F5C81D /* Constants.swift */,
			);
			path = Constants;
			sourceTree = "<group>";
		};
		8D07CA0C2C420A3400F5C81D /* Styles */ = {
			isa = PBXGroup;
			children = (
				8D07CA0D2C420ACB00F5C81D /* HeadingStyle.swift */,
				8D07CA0F2C420EBE00F5C81D /* ButtonTitle.swift */,
			);
			path = Styles;
			sourceTree = "<group>";
		};
		8DB35BD42C3660B9006B399B = {
			isa = PBXGroup;
			children = (
				8DB35BDF2C3660BA006B399B /* BookingUI */,
				8DB35BDE2C3660BA006B399B /* Products */,
			);
			sourceTree = "<group>";
		};
		8DB35BDE2C3660BA006B399B /* Products */ = {
			isa = PBXGroup;
			children = (
				8DB35BDD2C3660BA006B399B /* BookingUI.app */,
			);
			name = Products;
			sourceTree = "<group>";
		};
		8DB35BDF2C3660BA006B399B /* BookingUI */ = {
			isa = PBXGroup;
			children = (
				8D07CA0C2C420A3400F5C81D /* Styles */,
				8D07CA022C3D54C600F5C81D /* Constants */,
				8D07C9FE2C3D0B0D00F5C81D /* Utilities */,
				8DB35BE02C3660BA006B399B /* BookingUIApp.swift */,
				8DB35BEE2C366378006B399B /* SplashScreen.swift */,
				8DB35BE22C3660BA006B399B /* Login.swift */,
				8D07CA112C42113400F5C81D /* DashBoard.swift */,
				8D07CA012C3D0D0300F5C81D /* DashboardCells */,
				8DB35BE42C3660BB006B399B /* Assets.xcassets */,
				8DB35BE62C3660BB006B399B /* Preview Content */,
			);
			path = BookingUI;
			sourceTree = "<group>";
		};
		8DB35BE62C3660BB006B399B /* Preview Content */ = {
			isa = PBXGroup;
			children = (
				8DB35BE72C3660BB006B399B /* Preview Assets.xcassets */,
			);
			path = "Preview Content";
			sourceTree = "<group>";
		};
/* End PBXGroup section */

/* Begin PBXNativeTarget section */
		8DB35BDC2C3660BA006B399B /* BookingUI */ = {
			isa = PBXNativeTarget;
			buildConfigurationList = 8DB35BEB2C3660BB006B399B /* Build configuration list for PBXNativeTarget "BookingUI" */;
			buildPhases = (
				8DB35BD92C3660BA006B399B /* Sources */,
				8DB35BDA2C3660BA006B399B /* Frameworks */,
				8DB35BDB2C3660BA006B399B /* Resources */,
			);
			buildRules = (
			);
			dependencies = (
			);
			name = BookingUI;
			productName = BookingUI;
			productReference = 8DB35BDD2C3660BA006B399B /* BookingUI.app */;
			productType = "com.apple.product-type.application";
		};
/* End PBXNativeTarget section */

/* Begin PBXProject section */
		8DB35BD52C3660B9006B399B /* Project object */ = {
			isa = PBXProject;
			attributes = {
				BuildIndependentTargetsInParallel = 1;
				LastSwiftUpdateCheck = 1540;
				LastUpgradeCheck = 1540;
				TargetAttributes = {
					8DB35BDC2C3660BA006B399B = {
						CreatedOnToolsVersion = 15.4;
					};
				};
			};
			buildConfigurationList = 8DB35BD82C3660B9006B399B /* Build configuration list for PBXProject "BookingUI" */;
			compatibilityVersion = "Xcode 14.0";
			developmentRegion = en;
			hasScannedForEncodings = 0;
			knownRegions = (
				en,
				Base,
			);
			mainGroup = 8DB35BD42C3660B9006B399B;
			productRefGroup = 8DB35BDE2C3660BA006B399B /* Products */;
			projectDirPath = "";
			projectRoot = "";
			targets = (
				8DB35BDC2C3660BA006B399B /* BookingUI */,
			);
		};
/* End PBXProject section */

/* Begin PBXResourcesBuildPhase section */
		8DB35BDB2C3660BA006B399B /* Resources */ = {
			isa = PBXResourcesBuildPhase;
			buildActionMask = 2147483647;
			files = (
				8DB35BE82C3660BB006B399B /* Preview Assets.xcassets in Resources */,
				8DB35BE52C3660BB006B399B /* Assets.xcassets in Resources */,
			);
			runOnlyForDeploymentPostprocessing = 0;
		};
/* End PBXResourcesBuildPhase section */

/* Begin PBXSourcesBuildPhase section */
		8DB35BD92C3660BA006B399B /* Sources */ = {
			isa = PBXSourcesBuildPhase;
			buildActionMask = 2147483647;
			files = (
				8D07CA062C3D550D00F5C81D /* Constants.swift in Sources */,
				8D07CA102C420EBE00F5C81D /* ButtonTitle.swift in Sources */,
				8D07CA122C42113400F5C81D /* DashBoard.swift in Sources */,
				8DB35BEF2C366378006B399B /* SplashScreen.swift in Sources */,
				8DB35BE32C3660BA006B399B /* Login.swift in Sources */,
				8DB35BE12C3660BA006B399B /* BookingUIApp.swift in Sources */,
				8D07CA0E2C420ACB00F5C81D /* HeadingStyle.swift in Sources */,
				8D07CA002C3D0B2500F5C81D /* Background.swift in Sources */,
			);
			runOnlyForDeploymentPostprocessing = 0;
		};
/* End PBXSourcesBuildPhase section */

/* Begin XCBuildConfiguration section */
		8DB35BE92C3660BB006B399B /* Debug */ = {
			isa = XCBuildConfiguration;
			buildSettings = {
				ALWAYS_SEARCH_USER_PATHS = NO;
				ASSETCATALOG_COMPILER_GENERATE_SWIFT_ASSET_SYMBOL_EXTENSIONS = YES;
				CLANG_ANALYZER_NONNULL = YES;
				CLANG_ANALYZER_NUMBER_OBJECT_CONVERSION = YES_AGGRESSIVE;
				CLANG_CXX_LANGUAGE_STANDARD = "gnu++20";
				CLANG_ENABLE_MODULES = YES;
				CLANG_ENABLE_OBJC_ARC = YES;
				CLANG_ENABLE_OBJC_WEAK = YES;
				CLANG_WARN_BLOCK_CAPTURE_AUTORELEASING = YES;
				CLANG_WARN_BOOL_CONVERSION = YES;
				CLANG_WARN_COMMA = YES;
				CLANG_WARN_CONSTANT_CONVERSION = YES;
				CLANG_WARN_DEPRECATED_OBJC_IMPLEMENTATIONS = YES;
				CLANG_WARN_DIRECT_OBJC_ISA_USAGE = YES_ERROR;
				CLANG_WARN_DOCUMENTATION_COMMENTS = YES;
				CLANG_WARN_EMPTY_BODY = YES;
				CLANG_WARN_ENUM_CONVERSION = YES;
				CLANG_WARN_INFINITE_RECURSION = YES;
				CLANG_WARN_INT_CONVERSION = YES;
				CLANG_WARN_NON_LITERAL_NULL_CONVERSION = YES;
				CLANG_WARN_OBJC_IMPLICIT_RETAIN_SELF = YES;
				CLANG_WARN_OBJC_LITERAL_CONVERSION = YES;
				CLANG_WARN_OBJC_ROOT_CLASS = YES_ERROR;
				CLANG_WARN_QUOTED_INCLUDE_IN_FRAMEWORK_HEADER = YES;
				CLANG_WARN_RANGE_LOOP_ANALYSIS = YES;
				CLANG_WARN_STRICT_PROTOTYPES = YES;
				CLANG_WARN_SUSPICIOUS_MOVE = YES;
				CLANG_WARN_UNGUARDED_AVAILABILITY = YES_AGGRESSIVE;
				CLANG_WARN_UNREACHABLE_CODE = YES;
				CLANG_WARN__DUPLICATE_METHOD_MATCH = YES;
				COPY_PHASE_STRIP = NO;
				DEBUG_INFORMATION_FORMAT = dwarf;
				ENABLE_STRICT_OBJC_MSGSEND = YES;
				ENABLE_TESTABILITY = YES;
				ENABLE_USER_SCRIPT_SANDBOXING = YES;
				GCC_C_LANGUAGE_STANDARD = gnu17;
				GCC_DYNAMIC_NO_PIC = NO;
				GCC_NO_COMMON_BLOCKS = YES;
				GCC_OPTIMIZATION_LEVEL = 0;
				GCC_PREPROCESSOR_DEFINITIONS = (
					"DEBUG=1",
					"$(inherited)",
				);
				GCC_WARN_64_TO_32_BIT_CONVERSION = YES;
				GCC_WARN_ABOUT_RETURN_TYPE = YES_ERROR;
				GCC_WARN_UNDECLARED_SELECTOR = YES;
				GCC_WARN_UNINITIALIZED_AUTOS = YES_AGGRESSIVE;
				GCC_WARN_UNUSED_FUNCTION = YES;
				GCC_WARN_UNUSED_VARIABLE = YES;
				IPHONEOS_DEPLOYMENT_TARGET = 17.5;
				LOCALIZATION_PREFERS_STRING_CATALOGS = YES;
				MTL_ENABLE_DEBUG_INFO = INCLUDE_SOURCE;
				MTL_FAST_MATH = YES;
				ONLY_ACTIVE_ARCH = YES;
				SDKROOT = iphoneos;
				SWIFT_ACTIVE_COMPILATION_CONDITIONS = "DEBUG $(inherited)";
				SWIFT_OPTIMIZATION_LEVEL = "-Onone";
			};
			name = Debug;
		};
		8DB35BEA2C3660BB006B399B /* Release */ = {
			isa = XCBuildConfiguration;
			buildSettings = {
				ALWAYS_SEARCH_USER_PATHS = NO;
				ASSETCATALOG_COMPILER_GENERATE_SWIFT_ASSET_SYMBOL_EXTENSIONS = YES;
				CLANG_ANALYZER_NONNULL = YES;
				CLANG_ANALYZER_NUMBER_OBJECT_CONVERSION = YES_AGGRESSIVE;
				CLANG_CXX_LANGUAGE_STANDARD = "gnu++20";
				CLANG_ENABLE_MODULES = YES;
				CLANG_ENABLE_OBJC_ARC = YES;
				CLANG_ENABLE_OBJC_WEAK = YES;
				CLANG_WARN_BLOCK_CAPTURE_AUTORELEASING = YES;
				CLANG_WARN_BOOL_CONVERSION = YES;
				CLANG_WARN_COMMA = YES;
				CLANG_WARN_CONSTANT_CONVERSION = YES;
				CLANG_WARN_DEPRECATED_OBJC_IMPLEMENTATIONS = YES;
				CLANG_WARN_DIRECT_OBJC_ISA_USAGE = YES_ERROR;
				CLANG_WARN_DOCUMENTATION_COMMENTS = YES;
				CLANG_WARN_EMPTY_BODY = YES;
				CLANG_WARN_ENUM_CONVERSION = YES;
				CLANG_WARN_INFINITE_RECURSION = YES;
				CLANG_WARN_INT_CONVERSION = YES;
				CLANG_WARN_NON_LITERAL_NULL_CONVERSION = YES;
				CLANG_WARN_OBJC_IMPLICIT_RETAIN_SELF = YES;
				CLANG_WARN_OBJC_LITERAL_CONVERSION = YES;
				CLANG_WARN_OBJC_ROOT_CLASS = YES_ERROR;
				CLANG_WARN_QUOTED_INCLUDE_IN_FRAMEWORK_HEADER = YES;
				CLANG_WARN_RANGE_LOOP_ANALYSIS = YES;
				CLANG_WARN_STRICT_PROTOTYPES = YES;
				CLANG_WARN_SUSPICIOUS_MOVE = YES;
				CLANG_WARN_UNGUARDED_AVAILABILITY = YES_AGGRESSIVE;
				CLANG_WARN_UNREACHABLE_CODE = YES;
				CLANG_WARN__DUPLICATE_METHOD_MATCH = YES;
				COPY_PHASE_STRIP = NO;
				DEBUG_INFORMATION_FORMAT = "dwarf-with-dsym";
				ENABLE_NS_ASSERTIONS = NO;
				ENABLE_STRICT_OBJC_MSGSEND = YES;
				ENABLE_USER_SCRIPT_SANDBOXING = YES;
				GCC_C_LANGUAGE_STANDARD = gnu17;
				GCC_NO_COMMON_BLOCKS = YES;
				GCC_WARN_64_TO_32_BIT_CONVERSION = YES;
				GCC_WARN_ABOUT_RETURN_TYPE = YES_ERROR;
				GCC_WARN_UNDECLARED_SELECTOR = YES;
				GCC_WARN_UNINITIALIZED_AUTOS = YES_AGGRESSIVE;
				GCC_WARN_UNUSED_FUNCTION = YES;
				GCC_WARN_UNUSED_VARIABLE = YES;
				IPHONEOS_DEPLOYMENT_TARGET = 17.5;
				LOCALIZATION_PREFERS_STRING_CATALOGS = YES;
				MTL_ENABLE_DEBUG_INFO = NO;
				MTL_FAST_MATH = YES;
				SDKROOT = iphoneos;
				SWIFT_COMPILATION_MODE = wholemodule;
				VALIDATE_PRODUCT = YES;
			};
			name = Release;
		};
		8DB35BEC2C3660BB006B399B /* Debug */ = {
			isa = XCBuildConfiguration;
			buildSettings = {
				ASSETCATALOG_COMPILER_APPICON_NAME = AppIcon;
				ASSETCATALOG_COMPILER_GLOBAL_ACCENT_COLOR_NAME = AccentColor;
				CODE_SIGN_STYLE = Automatic;
				CURRENT_PROJECT_VERSION = 1;
				DEVELOPMENT_ASSET_PATHS = "\"BookingUI/Preview Content\"";
				DEVELOPMENT_TEAM = R6G7L23BRG;
				ENABLE_PREVIEWS = YES;
				GENERATE_INFOPLIST_FILE = YES;
				INFOPLIST_KEY_UIApplicationSceneManifest_Generation = YES;
				INFOPLIST_KEY_UIApplicationSupportsIndirectInputEvents = YES;
				INFOPLIST_KEY_UILaunchScreen_Generation = YES;
				INFOPLIST_KEY_UISupportedInterfaceOrientations_iPad = "UIInterfaceOrientationPortrait UIInterfaceOrientationPortraitUpsideDown UIInterfaceOrientationLandscapeLeft UIInterfaceOrientationLandscapeRight";
				INFOPLIST_KEY_UISupportedInterfaceOrientations_iPhone = "UIInterfaceOrientationPortrait UIInterfaceOrientationLandscapeLeft UIInterfaceOrientationLandscapeRight";
				LD_RUNPATH_SEARCH_PATHS = (
					"$(inherited)",
					"@executable_path/Frameworks",
				);
				MARKETING_VERSION = 1.0;
				PRODUCT_BUNDLE_IDENTIFIER = com.AJS.BookingUI;
				PRODUCT_NAME = "$(TARGET_NAME)";
				SWIFT_EMIT_LOC_STRINGS = YES;
				SWIFT_VERSION = 5.0;
				TARGETED_DEVICE_FAMILY = "1,2";
			};
			name = Debug;
		};
		8DB35BED2C3660BB006B399B /* Release */ = {
			isa = XCBuildConfiguration;
			buildSettings = {
				ASSETCATALOG_COMPILER_APPICON_NAME = AppIcon;
				ASSETCATALOG_COMPILER_GLOBAL_ACCENT_COLOR_NAME = AccentColor;
				CODE_SIGN_STYLE = Automatic;
				CURRENT_PROJECT_VERSION = 1;
				DEVELOPMENT_ASSET_PATHS = "\"BookingUI/Preview Content\"";
				DEVELOPMENT_TEAM = R6G7L23BRG;
				ENABLE_PREVIEWS = YES;
				GENERATE_INFOPLIST_FILE = YES;
				INFOPLIST_KEY_UIApplicationSceneManifest_Generation = YES;
				INFOPLIST_KEY_UIApplicationSupportsIndirectInputEvents = YES;
				INFOPLIST_KEY_UILaunchScreen_Generation = YES;
				INFOPLIST_KEY_UISupportedInterfaceOrientations_iPad = "UIInterfaceOrientationPortrait UIInterfaceOrientationPortraitUpsideDown UIInterfaceOrientationLandscapeLeft UIInterfaceOrientationLandscapeRight";
				INFOPLIST_KEY_UISupportedInterfaceOrientations_iPhone = "UIInterfaceOrientationPortrait UIInterfaceOrientationLandscapeLeft UIInterfaceOrientationLandscapeRight";
				LD_RUNPATH_SEARCH_PATHS = (
					"$(inherited)",
					"@executable_path/Frameworks",
				);
				MARKETING_VERSION = 1.0;
				PRODUCT_BUNDLE_IDENTIFIER = com.AJS.BookingUI;
				PRODUCT_NAME = "$(TARGET_NAME)";
				SWIFT_EMIT_LOC_STRINGS = YES;
				SWIFT_VERSION = 5.0;
				TARGETED_DEVICE_FAMILY = "1,2";
			};
			name = Release;
		};
/* End XCBuildConfiguration section */

/* Begin XCConfigurationList section */
		8DB35BD82C3660B9006B399B /* Build configuration list for PBXProject "BookingUI" */ = {
			isa = XCConfigurationList;
			buildConfigurations = (
				8DB35BE92C3660BB006B399B /* Debug */,
				8DB35BEA2C3660BB006B399B /* Release */,
			);
			defaultConfigurationIsVisible = 0;
			defaultConfigurationName = Release;
		};
		8DB35BEB2C3660BB006B399B /* Build configuration list for PBXNativeTarget "BookingUI" */ = {
			isa = XCConfigurationList;
			buildConfigurations = (
				8DB35BEC2C3660BB006B399B /* Debug */,
				8DB35BED2C3660BB006B399B /* Release */,
			);
			defaultConfigurationIsVisible = 0;
			defaultConfigurationName = Release;
		};
/* End XCConfigurationList section */
	};
	rootObject = 8DB35BD52C3660B9006B399B /* Project object */;
}
